
Microsoft Visual Studio Solution File, Format Version 12.00
# Visual Studio Version 17
VisualStudioVersion = 17.8.34316.72
MinimumVisualStudioVersion = 10.0.40219.1
Project("{FAE04EC0-301F-11D3-BF4B-00C04F79EFBC}") = "GitHUb", "GitHUb\GitHUb.csproj", "{3B626C98-8B76-4654-B4BD-F698A2DEF463}"
EndProject
Global
	GlobalSection(SolutionConfigurationPlatforms) = preSolution
		Debug|Any CPU = Debug|Any CPU
		Release|Any CPU = Release|Any CPU
	EndGlobalSection
	GlobalSection(ProjectConfigurationPlatforms) = postSolution
		{3B626C98-8B76-4654-B4BD-F698A2DEF463}.Debug|Any CPU.ActiveCfg = Debug|Any CPU
		{3B626C98-8B76-4654-B4BD-F698A2DEF463}.Debug|Any CPU.Build.0 = Debug|Any CPU
		{3B626C98-8B76-4654-B4BD-F698A2DEF463}.Release|Any CPU.ActiveCfg = Release|Any CPU
		{3B626C98-8B76-4654-B4BD-F698A2DEF463}.Release|Any CPU.Build.0 = Release|Any CPU
	EndGlobalSection
	GlobalSection(SolutionProperties) = preSolution
		HideSolutionNode = FALSE
	EndGlobalSection
	GlobalSection(ExtensibilityGlobals) = postSolution
		SolutionGuid = {D8C20B94-D6F2-4CEB-8146-BFC45B5C59CB}
	EndGlobalSection
EndGlobal
